<?xml version="1.0" encoding="utf-8"?>
<Project ToolsVersion="4.0" xmlns="http://schemas.microsoft.com/developer/msbuild/2003">
  <ItemGroup>
    <Filter Include="소스 파일">
      <UniqueIdentifier>{4FC737F1-C7A5-4376-A066-2A32D752A2FF}</UniqueIdentifier>
      <Extensions>cpp;c;cc;cxx;c++;cppm;ixx;def;odl;idl;hpj;bat;asm;asmx</Extensions>
    </Filter>
    <Filter Include="헤더 파일">
      <UniqueIdentifier>{93995380-89BD-4b04-88EB-625FBE52EBFB}</UniqueIdentifier>
      <Extensions>h;hh;hpp;hxx;h++;hm;inl;inc;ipp;xsd</Extensions>
    </Filter>
    <Filter Include="리소스 파일">
      <UniqueIdentifier>{67DA6AB6-F800-4c08-8B7A-83BB121AAD01}</UniqueIdentifier>
      <Extensions>rc;ico;cur;bmp;dlg;rc2;rct;bin;rgs;gif;jpg;jpeg;jpe;resx;tiff;tif;png;wav;mfcribbon-ms</Extensions>
    </Filter>
    <Filter Include="Shader">
      <UniqueIdentifier>{dbffb632-ae78-4c1f-a143-1fe792ca3118}</UniqueIdentifier>
    </Filter>
    <Filter Include="ImGUI">
      <UniqueIdentifier>{539eb603-241a-4414-83f5-7bc69d8400b6}</UniqueIdentifier>
    </Filter>
    <Filter Include="소스 파일\UWorld">
      <UniqueIdentifier>{ab59464e-810e-4859-987a-774433a6dbaa}</UniqueIdentifier>
    </Filter>
    <Filter Include="소스 파일\UObject">
      <UniqueIdentifier>{c5a037ae-40bd-4a41-9402-17ce1d557d4c}</UniqueIdentifier>
    </Filter>
    <Filter Include="헤더 파일\UObject">
      <UniqueIdentifier>{495ac23c-221c-4814-b37c-900afdeb0550}</UniqueIdentifier>
    </Filter>
    <Filter Include="헤더 파일\UWorld">
      <UniqueIdentifier>{813ddc80-e257-44f3-9e83-54c441ad28cc}</UniqueIdentifier>
    </Filter>
    <Filter Include="헤더 파일\Util">
      <UniqueIdentifier>{4b33086d-f45d-4504-b20f-1554a836f7af}</UniqueIdentifier>
    </Filter>
    <Filter Include="소스 파일\Util">
      <UniqueIdentifier>{75b1f0dc-2372-4f5f-8e47-e6e1b29dc08f}</UniqueIdentifier>
    </Filter>
    <Filter Include="헤더 파일\UI">
      <UniqueIdentifier>{9e19a3fa-ee01-44d1-beb9-f1942785d830}</UniqueIdentifier>
    </Filter>
    <Filter Include="소스 파일\UI">
      <UniqueIdentifier>{dbcf0b5e-7180-413d-a40f-fc63ac311a8d}</UniqueIdentifier>
    </Filter>
    <Filter Include="소스 파일\Engine">
      <UniqueIdentifier>{92f60cc2-713e-4f67-9975-7b187322df4d}</UniqueIdentifier>
    </Filter>
    <Filter Include="헤더 파일\Engine">
      <UniqueIdentifier>{ec5ca991-d367-4b30-a7a4-4967aeee26d3}</UniqueIdentifier>
    </Filter>
  </ItemGroup>
  <ItemGroup>
    <ClCompile Include="Engine\Source\Runtime\Launch\ImGuiManager.cpp">
      <Filter>소스 파일\UI</Filter>
    </ClCompile>
    <ClCompile Include="Engine\Source\Runtime\CoreUObject\UObject\UClass.cpp">
      <Filter>소스 파일</Filter>
    </ClCompile>
    <ClCompile Include="UTexture.cpp">
      <Filter>소스 파일</Filter>
    </ClCompile>
    <ClCompile Include="ShowFlags.cpp">
      <Filter>소스 파일</Filter>
    </ClCompile>
    <ClCompile Include="ViewModeDropdown.cpp">
      <Filter>소스 파일</Filter>
    </ClCompile>
    <ClCompile Include="Engine\Source\Runtime\Engine\Classes\Components\QuadTexture.cpp">
      <Filter>소스 파일</Filter>
    </ClCompile>
    <ClCompile Include="Engine\Source\Runtime\Core\Math\JungleMath.cpp">
      <Filter>소스 파일</Filter>
    </ClCompile>
    <ClCompile Include="Engine\Source\Runtime\Engine\Classes\Components\ActorComponent.cpp">
      <Filter>소스 파일</Filter>
    </ClCompile>
    <ClCompile Include="Engine\Source\Editor\UnrealEd\EditorViewportClient.cpp">
      <Filter>소스 파일</Filter>
    </ClCompile>
    <ClCompile Include="Engine\Source\Runtime\Engine\UserInterface\ImGuiManager.cpp">
      <Filter>소스 파일</Filter>
    </ClCompile>
    <ClCompile Include="Engine\Source\Runtime\InteractiveToolsFramework\BaseGizmos\GizmoArrowComponent.cpp">
      <Filter>소스 파일</Filter>
    </ClCompile>
    <ClCompile Include="Engine\Source\Runtime\Engine\Camera\CameraComponent.cpp">
      <Filter>소스 파일</Filter>
    </ClCompile>
    <ClCompile Include="Engine\Source\Runtime\Engine\UserInterface\Console.cpp">
      <Filter>소스 파일</Filter>
    </ClCompile>
    <ClCompile Include="Engine\Source\Editor\PropertyEditor\ControlPanel.cpp">
      <Filter>소스 파일</Filter>
    </ClCompile>
    <ClCompile Include="Engine\Source\Runtime\Engine\Classes\Components\CubeComp.cpp">
      <Filter>소스 파일</Filter>
    </ClCompile>
    <ClCompile Include="Engine\Source\Runtime\Core\Math\Define.cpp">
      <Filter>소스 파일</Filter>
    </ClCompile>
    <ClCompile Include="Engine\Source\Runtime\InteractiveToolsFramework\BaseGizmos\GizmoBaseComponent.cpp">
      <Filter>소스 파일</Filter>
    </ClCompile>
    <ClCompile Include="Engine\Source\Runtime\InteractiveToolsFramework\BaseGizmos\GizmoCircleComponent.cpp">
      <Filter>소스 파일</Filter>
    </ClCompile>
    <ClCompile Include="Engine\Source\Runtime\Launch\EngineLoop.cpp">
      <Filter>소스 파일</Filter>
    </ClCompile>
    <ClCompile Include="Engine\Source\ThirdParty\include\ImGUI\imgui.cpp">
      <Filter>소스 파일</Filter>
    </ClCompile>
    <ClCompile Include="Engine\Source\ThirdParty\include\ImGUI\imgui_demo.cpp">
      <Filter>소스 파일</Filter>
    </ClCompile>
    <ClCompile Include="Engine\Source\ThirdParty\include\ImGUI\imgui_draw.cpp">
      <Filter>소스 파일</Filter>
    </ClCompile>
    <ClCompile Include="Engine\Source\ThirdParty\include\ImGUI\imgui_impl_dx11.cpp">
      <Filter>소스 파일</Filter>
    </ClCompile>
    <ClCompile Include="Engine\Source\ThirdParty\include\ImGUI\imgui_impl_win32.cpp">
      <Filter>소스 파일</Filter>
    </ClCompile>
    <ClCompile Include="Engine\Source\ThirdParty\include\ImGUI\imgui_tables.cpp">
      <Filter>소스 파일</Filter>
    </ClCompile>
    <ClCompile Include="Engine\Source\ThirdParty\include\ImGUI\imgui_widgets.cpp">
      <Filter>소스 파일</Filter>
    </ClCompile>
    <ClCompile Include="Engine\Source\Runtime\Engine\Classes\Components\LightComponent.cpp">
      <Filter>소스 파일</Filter>
    </ClCompile>
    <ClCompile Include="Engine\Source\Editor\PropertyEditor\ShowFlags.cpp">
      <Filter>소스 파일</Filter>
    </ClCompile>
    <ClCompile Include="Engine\Source\Runtime\Engine\Classes\Components\SkySphereComponent.cpp">
      <Filter>소스 파일</Filter>
    </ClCompile>
    <ClCompile Include="Engine\Source\Runtime\InteractiveToolsFramework\BaseGizmos\TransformGizmo.cpp">
      <Filter>소스 파일</Filter>
    </ClCompile>
    <ClCompile Include="Engine\Source\Runtime\Launch\Launch.cpp">
      <Filter>소스 파일</Filter>
    </ClCompile>
    <ClCompile Include="Engine\Source\Runtime\Windows\D3D11RHI\GraphicDevice.cpp">
      <Filter>소스 파일</Filter>
    </ClCompile>
    <ClCompile Include="Engine\Source\Runtime\CoreUObject\UObject\Object.cpp">
      <Filter>소스 파일</Filter>
    </ClCompile>
    <ClCompile Include="Engine\Source\Runtime\CoreUObject\UObject\ObjectFactory.cpp">
      <Filter>소스 파일</Filter>
    </ClCompile>
    <ClCompile Include="Engine\Source\Editor\Outliner.cpp">
      <Filter>소스 파일</Filter>
    </ClCompile>
    <ClCompile Include="Engine\Source\Editor\UnrealEd\PrimitiveBatch.cpp">
      <Filter>소스 파일</Filter>
    </ClCompile>
    <ClCompile Include="Engine\Source\Runtime\Engine\Classes\Components\PrimitiveComponent.cpp">
      <Filter>소스 파일</Filter>
    </ClCompile>
    <ClCompile Include="Engine\Source\Editor\PropertyEditor\PropertyPanel.cpp">
      <Filter>소스 파일</Filter>
    </ClCompile>
    <ClCompile Include="Engine\Source\Runtime\Renderer\Renderer.cpp">
      <Filter>소스 파일</Filter>
    </ClCompile>
    <ClCompile Include="Engine\Source\Runtime\Engine\Classes\Engine\ResourceMgr.cpp">
      <Filter>소스 파일</Filter>
    </ClCompile>
    <ClCompile Include="Engine\Source\Runtime\InteractiveToolsFramework\BaseGizmos\GizmoRectangleComponent.cpp">
      <Filter>소스 파일</Filter>
    </ClCompile>
    <ClCompile Include="Engine\Source\Runtime\Engine\Classes\Components\SceneComponent.cpp">
      <Filter>소스 파일</Filter>
    </ClCompile>
    <ClCompile Include="Engine\Source\Editor\UnrealEd\SceneMgr.cpp">
      <Filter>소스 파일</Filter>
    </ClCompile>
    <ClCompile Include="Engine\Source\Runtime\Engine\Classes\Components\SphereComp.cpp">
      <Filter>소스 파일</Filter>
    </ClCompile>
    <ClCompile Include="Engine\Source\Runtime\Engine\Classes\Components\Player.cpp">
      <Filter>소스 파일</Filter>
    </ClCompile>
    <ClCompile Include="Engine\Source\Runtime\Engine\Classes\Components\UBillboardComponent.cpp">
      <Filter>소스 파일</Filter>
    </ClCompile>
    <ClCompile Include="Engine\Source\Runtime\Engine\Classes\Components\UParticleSubUVComp.cpp">
      <Filter>소스 파일</Filter>
    </ClCompile>
    <ClCompile Include="Engine\Source\Runtime\Engine\Classes\Components\UText.cpp">
      <Filter>소스 파일</Filter>
    </ClCompile>
    <ClCompile Include="Engine\Source\Runtime\Engine\Classes\Components\UTextUUID.cpp">
      <Filter>소스 파일</Filter>
    </ClCompile>
    <ClCompile Include="Engine\Source\Editor\PropertyEditor\ViewModeDropdown.cpp">
      <Filter>소스 파일</Filter>
    </ClCompile>
    <ClCompile Include="Engine\Source\Runtime\Engine\World.cpp">
      <Filter>소스 파일</Filter>
    </ClCompile>
    <ClCompile Include="Engine\Source\Runtime\Core\EngineStatics.cpp">
      <Filter>소스 파일</Filter>
    </ClCompile>
  </ItemGroup>
  <ItemGroup>
    <FxCompile Include="ShaderW0.hlsl">
      <Filter>Shader</Filter>
    </FxCompile>
    <FxCompile Include="PixelTextureShader.hlsl">
      <Filter>Shader</Filter>
    </FxCompile>
    <FxCompile Include="VertexTextureShader.hlsl">
      <Filter>Shader</Filter>
    </FxCompile>
    <FxCompile Include="ShaderLine.hlsl">
      <Filter>Shader</Filter>
    </FxCompile>
  </ItemGroup>
  <ItemGroup>
    <ClInclude Include="Engine\Source\Runtime\Engine\World.h">
      <Filter>헤더 파일\UWorld</Filter>
    </ClInclude>
    <ClInclude Include="Sphere.h">
      <Filter>헤더 파일\Util</Filter>
    </ClInclude>
    <ClInclude Include="Engine\Source\Runtime\Launch\Define.h">
      <Filter>헤더 파일\Util</Filter>
    </ClInclude>
    <ClInclude Include="Cube.h">
      <Filter>헤더 파일\Util</Filter>
    </ClInclude>
    <ClInclude Include="Engine\Source\Runtime\Launch\ImGuiManager.h">
      <Filter>헤더 파일\UI</Filter>
    </ClInclude>
    <ClInclude Include="Arrow.h">
      <Filter>헤더 파일\Util</Filter>
    </ClInclude>
    <ClInclude Include="Engine\Source\Runtime\CoreUObject\UObject\UClass.h">
      <Filter>헤더 파일</Filter>
    </ClInclude>
    <ClInclude Include="Engine\Source\Editor\UnrealEd\EditorWindow.h">
      <Filter>헤더 파일</Filter>
    </ClInclude>
    <ClInclude Include="Font\IconDefs.h">
      <Filter>헤더 파일</Filter>
    </ClInclude>
    <ClInclude Include="Font\RawFonts.h">
      <Filter>헤더 파일</Filter>
    </ClInclude>
    <ClInclude Include="Engine\Source\Runtime\Launch\NameTypes.h">
      <Filter>헤더 파일\Util</Filter>
    </ClInclude>
    <ClInclude Include="Engine\Source\Runtime\Engine\Classes\Components\Quad.h">
      <Filter>헤더 파일</Filter>
    </ClInclude>
    <ClInclude Include="Engine\Source\Runtime\Engine\Classes\Components\QuadTexture.h">
      <Filter>헤더 파일</Filter>
    </ClInclude>
    <ClInclude Include="UTexture.h">
      <Filter>헤더 파일</Filter>
    </ClInclude>
    <ClInclude Include="ShowFlags.h">
      <Filter>헤더 파일</Filter>
    </ClInclude>
    <ClInclude Include="ViewModeDropdown.h">
      <Filter>헤더 파일</Filter>
    </ClInclude>
    <ClInclude Include="Engine\Source\Runtime\Core\Math\JungleMath.h">
      <Filter>헤더 파일</Filter>
    </ClInclude>
    <ClInclude Include="Engine\Source\Runtime\Engine\Classes\Components\ActorComponent.h">
      <Filter>헤더 파일</Filter>
    </ClInclude>
    <ClInclude Include="Engine\Source\Editor\UnrealEd\EditorViewportClient.h">
      <Filter>헤더 파일</Filter>
    </ClInclude>
    <ClInclude Include="Engine\Source\Runtime\Engine\UserInterface\ImGuiManager.h">
      <Filter>헤더 파일</Filter>
    </ClInclude>
    <ClInclude Include="Engine\Source\Runtime\InteractiveToolsFramework\BaseGizmos\GizmoArrowComponent.h">
      <Filter>헤더 파일</Filter>
    </ClInclude>
    <ClInclude Include="Engine\Source\Runtime\Engine\Camera\CameraComponent.h">
      <Filter>헤더 파일</Filter>
    </ClInclude>
    <ClInclude Include="Engine\Source\Runtime\Engine\UserInterface\Console.h">
      <Filter>헤더 파일</Filter>
    </ClInclude>
    <ClInclude Include="Engine\Source\Editor\PropertyEditor\ControlPanel.h">
      <Filter>헤더 파일</Filter>
    </ClInclude>
    <ClInclude Include="Engine\Source\Runtime\Engine\Classes\Components\CubeComp.h">
      <Filter>헤더 파일</Filter>
    </ClInclude>
    <ClInclude Include="Engine\Source\Runtime\InteractiveToolsFramework\BaseGizmos\GizmoCircleComponent.h">
      <Filter>헤더 파일</Filter>
    </ClInclude>
    <ClInclude Include="Engine\Source\Runtime\Launch\EngineLoop.h">
      <Filter>헤더 파일</Filter>
    </ClInclude>
    <ClInclude Include="Engine\Source\Runtime\InteractiveToolsFramework\BaseGizmos\GizmoBaseComponent.h">
      <Filter>헤더 파일</Filter>
    </ClInclude>
    <ClInclude Include="Engine\Source\ThirdParty\include\ImGUI\imconfig.h">
      <Filter>헤더 파일</Filter>
    </ClInclude>
    <ClInclude Include="Engine\Source\ThirdParty\include\ImGUI\imgui.h">
      <Filter>헤더 파일</Filter>
    </ClInclude>
    <ClInclude Include="Engine\Source\ThirdParty\include\ImGUI\imgui_impl_dx11.h">
      <Filter>헤더 파일</Filter>
    </ClInclude>
    <ClInclude Include="Engine\Source\ThirdParty\include\ImGUI\imgui_impl_win32.h">
      <Filter>헤더 파일</Filter>
    </ClInclude>
    <ClInclude Include="Engine\Source\ThirdParty\include\ImGUI\imgui_internal.h">
      <Filter>헤더 파일</Filter>
    </ClInclude>
    <ClInclude Include="Engine\Source\ThirdParty\include\ImGUI\imstb_rectpack.h">
      <Filter>헤더 파일</Filter>
    </ClInclude>
    <ClInclude Include="Engine\Source\ThirdParty\include\ImGUI\imstb_textedit.h">
      <Filter>헤더 파일</Filter>
    </ClInclude>
    <ClInclude Include="Engine\Source\ThirdParty\include\ImGUI\imstb_truetype.h">
      <Filter>헤더 파일</Filter>
    </ClInclude>
    <ClInclude Include="Engine\Source\Editor\PropertyEditor\IWindowToggleable.h">
      <Filter>헤더 파일</Filter>
    </ClInclude>
    <ClInclude Include="Engine\Source\ThirdParty\JSON\json.hpp">
      <Filter>헤더 파일</Filter>
    </ClInclude>
    <ClInclude Include="Engine\Source\Runtime\Engine\Classes\Components\LightComponent.h">
      <Filter>헤더 파일</Filter>
    </ClInclude>
    <ClInclude Include="Engine\Source\Editor\PropertyEditor\ShowFlags.h">
      <Filter>헤더 파일</Filter>
    </ClInclude>
    <ClInclude Include="Engine\Source\Runtime\Engine\Classes\Components\SkySphereComponent.h">
      <Filter>헤더 파일</Filter>
    </ClInclude>
    <ClInclude Include="Engine\Source\Runtime\Engine\Classes\Engine\Texture.h">
      <Filter>헤더 파일</Filter>
    </ClInclude>
    <ClInclude Include="Engine\Source\Runtime\InteractiveToolsFramework\BaseGizmos\TransformGizmo.h">
      <Filter>헤더 파일</Filter>
    </ClInclude>
    <ClInclude Include="Engine\Source\Runtime\CoreUObject\UObject\ObjectFactory.h">
      <Filter>헤더 파일</Filter>
    </ClInclude>
    <ClInclude Include="Engine\Source\Editor\Outliner.h">
      <Filter>헤더 파일</Filter>
    </ClInclude>
    <ClInclude Include="Engine\Source\Editor\UnrealEd\PrimitiveBatch.h">
      <Filter>헤더 파일</Filter>
    </ClInclude>
    <ClInclude Include="Engine\Source\Runtime\Engine\Classes\Components\PrimitiveComponent.h">
      <Filter>헤더 파일</Filter>
    </ClInclude>
    <ClInclude Include="Engine\Source\Editor\PropertyEditor\PropertyPanel.h">
      <Filter>헤더 파일</Filter>
    </ClInclude>
    <ClInclude Include="Engine\Source\Runtime\Engine\Classes\Engine\ResourceMgr.h">
      <Filter>헤더 파일</Filter>
    </ClInclude>
    <ClInclude Include="Engine\Source\Runtime\InteractiveToolsFramework\BaseGizmos\GizmoRectangleComponent.h">
      <Filter>헤더 파일</Filter>
    </ClInclude>
    <ClInclude Include="Engine\Source\Runtime\Engine\Classes\Components\SceneComponent.h">
      <Filter>헤더 파일</Filter>
    </ClInclude>
    <ClInclude Include="Engine\Source\Editor\UnrealEd\SceneMgr.h">
      <Filter>헤더 파일</Filter>
    </ClInclude>
    <ClInclude Include="Engine\Source\Runtime\Windows\D3D11RHI\GraphicDevice.h">
      <Filter>헤더 파일</Filter>
    </ClInclude>
    <ClInclude Include="Engine\Source\Runtime\CoreUObject\UObject\Object.h">
      <Filter>헤더 파일</Filter>
    </ClInclude>
    <ClInclude Include="Engine\Source\Runtime\Renderer\Renderer.h">
      <Filter>헤더 파일</Filter>
    </ClInclude>
    <ClInclude Include="Engine\Source\Runtime\Engine\Classes\Components\SphereComp.h">
      <Filter>헤더 파일</Filter>
    </ClInclude>
    <ClInclude Include="Engine\Source\Runtime\Engine\Classes\Components\Player.h">
      <Filter>헤더 파일</Filter>
    </ClInclude>
    <ClInclude Include="Engine\Source\Runtime\Engine\Classes\Engine\StaticMesh.h">
      <Filter>헤더 파일</Filter>
    </ClInclude>
    <ClInclude Include="Engine\Source\Runtime\Engine\Classes\Components\UBillboardComponent.h">
      <Filter>헤더 파일</Filter>
    </ClInclude>
    <ClInclude Include="Engine\Source\Runtime\Engine\Classes\Components\UParticleSubUVComp.h">
      <Filter>헤더 파일</Filter>
    </ClInclude>
    <ClInclude Include="Engine\Source\Runtime\Engine\Classes\Components\UText.h">
      <Filter>헤더 파일</Filter>
    </ClInclude>
    <ClInclude Include="Engine\Source\Runtime\Engine\Classes\Components\UTextUUID.h">
      <Filter>헤더 파일</Filter>
    </ClInclude>
    <ClInclude Include="Engine\Source\Editor\PropertyEditor\ViewModeDropdown.h">
      <Filter>헤더 파일</Filter>
    </ClInclude>
    <ClInclude Include="Engine\Source\Runtime\Core\EngineStatics.h">
      <Filter>헤더 파일</Filter>
    </ClInclude>
  </ItemGroup>
</Project>